
Microsoft Visual Studio Solution File, Format Version 12.00
# Visual Studio Version 16
VisualStudioVersion = 16.0.29009.5
MinimumVisualStudioVersion = 10.0.40219.1
Project("{FAE04EC0-301F-11D3-BF4B-00C04F79EFBC}") = "BoogleBoard", "BoogleBoard\BoogleBoard.csproj", "{1475FDD9-F722-4007-87EB-10669AF5CA57}"
EndProject
Project("{FAE04EC0-301F-11D3-BF4B-00C04F79EFBC}") = "BoogleBoard.Tests", "BoogleBoard.Tests\BoogleBoard.Tests.csproj", "{2A5528BB-B795-4D8D-9BEE-0BF2C042F4CF}"
EndProject
Global
	GlobalSection(SolutionConfigurationPlatforms) = preSolution
		Debug|Any CPU = Debug|Any CPU
		Release|Any CPU = Release|Any CPU
	EndGlobalSection
	GlobalSection(ProjectConfigurationPlatforms) = postSolution
		{1475FDD9-F722-4007-87EB-10669AF5CA57}.Debug|Any CPU.ActiveCfg = Debug|Any CPU
		{1475FDD9-F722-4007-87EB-10669AF5CA57}.Debug|Any CPU.Build.0 = Debug|Any CPU
		{1475FDD9-F722-4007-87EB-10669AF5CA57}.Release|Any CPU.ActiveCfg = Release|Any CPU
		{1475FDD9-F722-4007-87EB-10669AF5CA57}.Release|Any CPU.Build.0 = Release|Any CPU
		{2A5528BB-B795-4D8D-9BEE-0BF2C042F4CF}.Debug|Any CPU.ActiveCfg = Debug|Any CPU
		{2A5528BB-B795-4D8D-9BEE-0BF2C042F4CF}.Debug|Any CPU.Build.0 = Debug|Any CPU
		{2A5528BB-B795-4D8D-9BEE-0BF2C042F4CF}.Release|Any CPU.ActiveCfg = Release|Any CPU
		{2A5528BB-B795-4D8D-9BEE-0BF2C042F4CF}.Release|Any CPU.Build.0 = Release|Any CPU
	EndGlobalSection
	GlobalSection(SolutionProperties) = preSolution
		HideSolutionNode = FALSE
	EndGlobalSection
	GlobalSection(ExtensibilityGlobals) = postSolution
		SolutionGuid = {AB7492EE-A861-4452-BE8C-B6D8F7AC5161}
	EndGlobalSection
EndGlobal
